
Microsoft Visual Studio Solution File, Format Version 12.00
# Visual Studio 15
VisualStudioVersion = 15.0.27428.2043
MinimumVisualStudioVersion = 10.0.40219.1
Project("{FAE04EC0-301F-11D3-BF4B-00C04F79EFBC}") = "RecKevinKeizoDesk", "RecKevinKeizoDesk\RecKevinKeizoDesk.csproj", "{2FF43421-1852-4510-8B81-5A199DEA1BEB}"
EndProject
Global
	GlobalSection(SolutionConfigurationPlatforms) = preSolution
		Debug|Any CPU = Debug|Any CPU
		Release|Any CPU = Release|Any CPU
	EndGlobalSection
	GlobalSection(ProjectConfigurationPlatforms) = postSolution
		{2FF43421-1852-4510-8B81-5A199DEA1BEB}.Debug|Any CPU.ActiveCfg = Debug|Any CPU
		{2FF43421-1852-4510-8B81-5A199DEA1BEB}.Debug|Any CPU.Build.0 = Debug|Any CPU
		{2FF43421-1852-4510-8B81-5A199DEA1BEB}.Release|Any CPU.ActiveCfg = Release|Any CPU
		{2FF43421-1852-4510-8B81-5A199DEA1BEB}.Release|Any CPU.Build.0 = Release|Any CPU
	EndGlobalSection
	GlobalSection(SolutionProperties) = preSolution
		HideSolutionNode = FALSE
	EndGlobalSection
	GlobalSection(ExtensibilityGlobals) = postSolution
		SolutionGuid = {55AB99E0-7E39-4BAE-9701-EE96C94E0F97}
	EndGlobalSection
EndGlobal
